PODS:
  - Alamofire (3.3.1)
  - Gaia (0.0.1):
    - Gaia/Core (= 0.0.1)
  - Gaia/Abstraction (0.0.1)
  - Gaia/AppleMaps (0.0.1):
    - Gaia/Abstraction
  - Gaia/Core (0.0.1):
    - Gaia/AppleMaps
    - Gaia/GoogleMaps
    - Gaia/Mapbox
  - Gaia/GoogleMaps (0.0.1):
    - Gaia/Abstraction
    - Gaia/GoogleMapsFramework
  - Gaia/GoogleMapsFramework (0.0.1)
  - Gaia/Mapbox (0.0.1):
    - Alamofire
    - Gaia/Abstraction
    - Mapbox-iOS-SDK
  - Mapbox-iOS-SDK (3.2.0)

DEPENDENCIES:
  - Gaia (from `../`)

EXTERNAL SOURCES:
  Gaia:
    :path: ../

SPEC CHECKSUMS:
  Alamofire: 369bc67b6f5ac33ded3648d7bd21c5bfb91c2ecc
  Gaia: 93c1618ef66b91e32ec2149d7e85f74dc89ab83c
  Mapbox-iOS-SDK: 3b9e8d0f77098494cc236384fde2a26eb6683f3d

COCOAPODS: 0.39.0
